<?xml version="1.0" encoding="utf-8"?>
<Project ToolsVersion="4.0" xmlns="http://schemas.microsoft.com/developer/msbuild/2003">
  <ItemGroup>
    <ClCompile Include="src\ofApp.cpp">
      <Filter>src</Filter>
    </ClCompile>
    <ClCompile Include="src\main.cpp">
      <Filter>src</Filter>
    </ClCompile>
    <ClCompile Include="src\main.cpp">
      <Filter>src</Filter>
    </ClCompile>
    <ClCompile Include="src\ofApp.cpp">
      <Filter>src</Filter>
    </ClCompile>
    <ClCompile Include="..\..\..\addons\ofxGui\src\ofxBaseGui.cpp">
      <Filter>addons\ofxGui\src</Filter>
    </ClCompile>
    <ClCompile Include="..\..\..\addons\ofxGui\src\ofxButton.cpp">
      <Filter>addons\ofxGui\src</Filter>
    </ClCompile>
    <ClCompile Include="..\..\..\addons\ofxGui\src\ofxGuiGroup.cpp">
      <Filter>addons\ofxGui\src</Filter>
    </ClCompile>
    <ClCompile Include="..\..\..\addons\ofxGui\src\ofxLabel.cpp">
      <Filter>addons\ofxGui\src</Filter>
    </ClCompile>
    <ClCompile Include="..\..\..\addons\ofxGui\src\ofxPanel.cpp">
      <Filter>addons\ofxGui\src</Filter>
    </ClCompile>
    <ClCompile Include="..\..\..\addons\ofxGui\src\ofxSlider.cpp">
      <Filter>addons\ofxGui\src</Filter>
    </ClCompile>
    <ClCompile Include="..\..\..\addons\ofxGui\src\ofxSliderGroup.cpp">
      <Filter>addons\ofxGui\src</Filter>
    </ClCompile>
    <ClCompile Include="..\..\..\addons\ofxGui\src\ofxToggle.cpp">
      <Filter>addons\ofxGui\src</Filter>
    </ClCompile>
    <ClCompile Include="..\..\..\addons\ofxSoundObjects\src\ofxBasicSoundPlayer.cpp">
      <Filter>addons\ofxSoundObjects\src</Filter>
    </ClCompile>
    <ClCompile Include="..\..\..\addons\ofxSoundObjects\src\ofxSoundFile.cpp">
      <Filter>addons\ofxSoundObjects\src</Filter>
    </ClCompile>
    <ClCompile Include="..\..\..\addons\ofxSoundObjects\src\ofxSoundMixer.cpp">
      <Filter>addons\ofxSoundObjects\src</Filter>
    </ClCompile>
    <ClCompile Include="..\..\..\addons\ofxSoundObjects\src\ofxSoundObject.cpp">
      <Filter>addons\ofxSoundObjects\src</Filter>
    </ClCompile>
    <ClCompile Include="..\..\..\addons\ofxSoundObjects\libs\libaudiodecoder\src\audiodecoderbase.cpp">
      <Filter>addons\ofxSoundObjects\libs\libaudiodecoder\src</Filter>
    </ClCompile>
    <ClCompile Include="..\..\..\addons\ofxSoundObjects\libs\libaudiodecoder\src\audiodecodermediafoundation.cpp">
      <Filter>addons\ofxSoundObjects\libs\libaudiodecoder\src</Filter>
    </ClCompile>
  </ItemGroup>
  <ItemGroup>
    <Filter Include="src">
      <UniqueIdentifier>{d8376475-7454-4a24-b08a-aac121d3ad6f}</UniqueIdentifier>
    </Filter>
    <Filter Include="addons">
      <UniqueIdentifier>{71834F65-F3A9-211E-73B8-DC85}</UniqueIdentifier>
    </Filter>
    <Filter Include="addons\ofxGui">
      <UniqueIdentifier>{4F2A59AF-5F4E-704B-D067-EC13}</UniqueIdentifier>
    </Filter>
    <Filter Include="addons\ofxGui\src">
      <UniqueIdentifier>{645E9533-4DCD-6179-1CDF-CB65}</UniqueIdentifier>
    </Filter>
    <Filter Include="addons\ofxSoundObjects">
      <UniqueIdentifier>{A1DEA472-3243-C85B-12C4-7080}</UniqueIdentifier>
    </Filter>
    <Filter Include="addons\ofxSoundObjects\src">
      <UniqueIdentifier>{F49E5818-5434-4299-95C1-2A8C}</UniqueIdentifier>
    </Filter>
    <Filter Include="addons\ofxSoundObjects\src\SoundObjects">
      <UniqueIdentifier>{7D005C6E-D3DD-315D-EF0E-E12B}</UniqueIdentifier>
    </Filter>
    <Filter Include="addons\ofxSoundObjects\libs">
      <UniqueIdentifier>{CA257C88-51C5-C10C-1BE0-4E5F}</UniqueIdentifier>
    </Filter>
    <Filter Include="addons\ofxSoundObjects\libs\libaudiodecoder">
      <UniqueIdentifier>{9BE871A4-899D-7D28-D9D8-DF62}</UniqueIdentifier>
    </Filter>
    <Filter Include="addons\ofxSoundObjects\libs\libaudiodecoder\include">
      <UniqueIdentifier>{1F82C393-2102-79C1-267E-6358}</UniqueIdentifier>
    </Filter>
    <Filter Include="addons\ofxSoundObjects\libs\libaudiodecoder\src">
      <UniqueIdentifier>{74142C24-883D-1962-E252-EE84}</UniqueIdentifier>
    </Filter>
  </ItemGroup>
  <ItemGroup>
    <ClInclude Include="src\ofApp.h">
      <Filter>src</Filter>
    </ClInclude>
    <ClInclude Include="src\ofApp.h">
      <Filter>src</Filter>
    </ClInclude>
    <ClInclude Include="..\..\..\addons\ofxGui\src\ofxBaseGui.h">
      <Filter>addons\ofxGui\src</Filter>
    </ClInclude>
    <ClInclude Include="..\..\..\addons\ofxGui\src\ofxButton.h">
      <Filter>addons\ofxGui\src</Filter>
    </ClInclude>
    <ClInclude Include="..\..\..\addons\ofxGui\src\ofxGui.h">
      <Filter>addons\ofxGui\src</Filter>
    </ClInclude>
    <ClInclude Include="..\..\..\addons\ofxGui\src\ofxGuiGroup.h">
      <Filter>addons\ofxGui\src</Filter>
    </ClInclude>
    <ClInclude Include="..\..\..\addons\ofxGui\src\ofxLabel.h">
      <Filter>addons\ofxGui\src</Filter>
    </ClInclude>
    <ClInclude Include="..\..\..\addons\ofxGui\src\ofxPanel.h">
      <Filter>addons\ofxGui\src</Filter>
    </ClInclude>
    <ClInclude Include="..\..\..\addons\ofxGui\src\ofxSlider.h">
      <Filter>addons\ofxGui\src</Filter>
    </ClInclude>
    <ClInclude Include="..\..\..\addons\ofxGui\src\ofxSliderGroup.h">
      <Filter>addons\ofxGui\src</Filter>
    </ClInclude>
    <ClInclude Include="..\..\..\addons\ofxGui\src\ofxToggle.h">
      <Filter>addons\ofxGui\src</Filter>
    </ClInclude>
    <ClInclude Include="..\..\..\addons\ofxSoundObjects\src\ofxBasicSoundPlayer.h">
      <Filter>addons\ofxSoundObjects\src</Filter>
    </ClInclude>
    <ClInclude Include="..\..\..\addons\ofxSoundObjects\src\ofxSoundFile.h">
      <Filter>addons\ofxSoundObjects\src</Filter>
    </ClInclude>
    <ClInclude Include="..\..\..\addons\ofxSoundObjects\src\ofxSoundMixer.h">
      <Filter>addons\ofxSoundObjects\src</Filter>
    </ClInclude>
    <ClInclude Include="..\..\..\addons\ofxSoundObjects\src\ofxSoundObject.h">
      <Filter>addons\ofxSoundObjects\src</Filter>
    </ClInclude>
    <ClInclude Include="..\..\..\addons\ofxSoundObjects\src\ofxSoundObjects.h">
      <Filter>addons\ofxSoundObjects\src</Filter>
    </ClInclude>
    <ClInclude Include="..\..\..\addons\ofxSoundObjects\src\SoundObjects\DigitalDelay.h">
      <Filter>addons\ofxSoundObjects\src\SoundObjects</Filter>
    </ClInclude>
    <ClInclude Include="..\..\..\addons\ofxSoundObjects\src\SoundObjects\LowPassFilter.h">
      <Filter>addons\ofxSoundObjects\src\SoundObjects</Filter>
    </ClInclude>
    <ClInclude Include="..\..\..\addons\ofxSoundObjects\src\SoundObjects\NoiseGenerator.h">
      <Filter>addons\ofxSoundObjects\src\SoundObjects</Filter>
    </ClInclude>
    <ClInclude Include="..\..\..\addons\ofxSoundObjects\src\SoundObjects\SineWaveGenerator.h">
      <Filter>addons\ofxSoundObjects\src\SoundObjects</Filter>
    </ClInclude>
    <ClInclude Include="..\..\..\addons\ofxSoundObjects\src\SoundObjects\waveformDraw.h">
      <Filter>addons\ofxSoundObjects\src\SoundObjects</Filter>
    </ClInclude>
    <ClInclude Include="..\..\..\addons\ofxSoundObjects\libs\libaudiodecoder\include\audiodecoder.h">
      <Filter>addons\ofxSoundObjects\libs\libaudiodecoder\include</Filter>
    </ClInclude>
    <ClInclude Include="..\..\..\addons\ofxSoundObjects\libs\libaudiodecoder\include\audiodecoderbase.h">
      <Filter>addons\ofxSoundObjects\libs\libaudiodecoder\include</Filter>
    </ClInclude>
    <ClInclude Include="..\..\..\addons\ofxSoundObjects\libs\libaudiodecoder\include\audiodecodermediafoundation.h">
      <Filter>addons\ofxSoundObjects\libs\libaudiodecoder\include</Filter>
    </ClInclude>
  </ItemGroup>
  <ItemGroup>
    <ResourceCompile Include="icon.rc" />
  </ItemGroup>
</Project>